// !$*UTF8*$!
{
	archiveVersion = 1;
	classes = {
	};
	objectVersion = 77;
	objects = {

/* Begin PBXBuildFile section */
		D80BB4332D5E222900772C62 /* SDWebImageSwiftUI in Frameworks */ = {isa = PBXBuildFile; productRef = D80BB4322D5E222900772C62 /* SDWebImageSwiftUI */; };
		D8336A402D660851004E7A0F /* Cloudinary in Frameworks */ = {isa = PBXBuildFile; productRef = D8336A3F2D660851004E7A0F /* Cloudinary */; };
		D84AE8FC2D5BA0870069672D /* Lottie in Frameworks */ = {isa = PBXBuildFile; productRef = D84AE8FB2D5BA0870069672D /* Lottie */; };
		D8CDF9242D5A09C400173F00 /* GoogleSignIn in Frameworks */ = {isa = PBXBuildFile; productRef = D8CDF9232D5A09C400173F00 /* GoogleSignIn */; };
		D8CDF9262D5A09C400173F00 /* GoogleSignInSwift in Frameworks */ = {isa = PBXBuildFile; productRef = D8CDF9252D5A09C400173F00 /* GoogleSignInSwift */; };
		D8CDF9292D5A0A1300173F00 /* FirebaseAppCheck in Frameworks */ = {isa = PBXBuildFile; productRef = D8CDF9282D5A0A1300173F00 /* FirebaseAppCheck */; };
		D8CDF92B2D5A0A1300173F00 /* FirebaseAuth in Frameworks */ = {isa = PBXBuildFile; productRef = D8CDF92A2D5A0A1300173F00 /* FirebaseAuth */; };
		D8CDF92D2D5A0A1300173F00 /* FirebaseAuthCombine-Community in Frameworks */ = {isa = PBXBuildFile; productRef = D8CDF92C2D5A0A1300173F00 /* FirebaseAuthCombine-Community */; };
		D8CDF92F2D5A0A1300173F00 /* FirebaseFirestore in Frameworks */ = {isa = PBXBuildFile; productRef = D8CDF92E2D5A0A1300173F00 /* FirebaseFirestore */; };
		D8CDF9312D5A0A1300173F00 /* FirebaseFirestoreCombine-Community in Frameworks */ = {isa = PBXBuildFile; productRef = D8CDF9302D5A0A1300173F00 /* FirebaseFirestoreCombine-Community */; };
		D8CDF9332D5A0A1300173F00 /* FirebasePerformance in Frameworks */ = {isa = PBXBuildFile; productRef = D8CDF9322D5A0A1300173F00 /* FirebasePerformance */; };
		D8CDF9352D5A0A1300173F00 /* FirebaseStorage in Frameworks */ = {isa = PBXBuildFile; productRef = D8CDF9342D5A0A1300173F00 /* FirebaseStorage */; };
		D8D1E50E2D6C86AF00B444DA /* StreamChatSwiftUI in Frameworks */ = {isa = PBXBuildFile; productRef = D8D1E50D2D6C86AF00B444DA /* StreamChatSwiftUI */; };
/* End PBXBuildFile section */

/* Begin PBXFileReference section */
		D8C717632D560C9F00D2A5BF /* Tink.app */ = {isa = PBXFileReference; explicitFileType = wrapper.application; includeInIndex = 0; path = Tink.app; sourceTree = BUILT_PRODUCTS_DIR; };
/* End PBXFileReference section */

/* Begin PBXFileSystemSynchronizedBuildFileExceptionSet section */
		D8C718D42D561ECE00D2A5BF /* Exceptions for "Tink" folder in "Tink" target */ = {
			isa = PBXFileSystemSynchronizedBuildFileExceptionSet;
			membershipExceptions = (
				Info.plist,
			);
			target = D8C717622D560C9F00D2A5BF /* Tink */;
		};
/* End PBXFileSystemSynchronizedBuildFileExceptionSet section */

/* Begin PBXFileSystemSynchronizedRootGroup section */
		D8C717652D560C9F00D2A5BF /* Tink */ = {
			isa = PBXFileSystemSynchronizedRootGroup;
			exceptions = (
				D8C718D42D561ECE00D2A5BF /* Exceptions for "Tink" folder in "Tink" target */,
			);
			path = Tink;
			sourceTree = "<group>";
		};
/* End PBXFileSystemSynchronizedRootGroup section */

/* Begin PBXFrameworksBuildPhase section */
		D8C717602D560C9F00D2A5BF /* Frameworks */ = {
			isa = PBXFrameworksBuildPhase;
			buildActionMask = 2147483647;
			files = (
				D8D1E50E2D6C86AF00B444DA /* StreamChatSwiftUI in Frameworks */,
				D8CDF9242D5A09C400173F00 /* GoogleSignIn in Frameworks */,
				D8CDF9292D5A0A1300173F00 /* FirebaseAppCheck in Frameworks */,
				D8CDF9352D5A0A1300173F00 /* FirebaseStorage in Frameworks */,
				D8CDF9262D5A09C400173F00 /* GoogleSignInSwift in Frameworks */,
				D8CDF92B2D5A0A1300173F00 /* FirebaseAuth in Frameworks */,
				D84AE8FC2D5BA0870069672D /* Lottie in Frameworks */,
				D8CDF92D2D5A0A1300173F00 /* FirebaseAuthCombine-Community in Frameworks */,
				D8CDF92F2D5A0A1300173F00 /* FirebaseFirestore in Frameworks */,
				D8336A402D660851004E7A0F /* Cloudinary in Frameworks */,
				D80BB4332D5E222900772C62 /* SDWebImageSwiftUI in Frameworks */,
				D8CDF9332D5A0A1300173F00 /* FirebasePerformance in Frameworks */,
				D8CDF9312D5A0A1300173F00 /* FirebaseFirestoreCombine-Community in Frameworks */,
			);
			runOnlyForDeploymentPostprocessing = 0;
		};
/* End PBXFrameworksBuildPhase section */

/* Begin PBXGroup section */
		D8C7175A2D560C9F00D2A5BF = {
			isa = PBXGroup;
			children = (
				D8C717652D560C9F00D2A5BF /* Tink */,
				D8C717642D560C9F00D2A5BF /* Products */,
			);
			sourceTree = "<group>";
		};
		D8C717642D560C9F00D2A5BF /* Products */ = {
			isa = PBXGroup;
			children = (
				D8C717632D560C9F00D2A5BF /* Tink.app */,
			);
			name = Products;
			sourceTree = "<group>";
		};
/* End PBXGroup section */

/* Begin PBXNativeTarget section */
		D8C717622D560C9F00D2A5BF /* Tink */ = {
			isa = PBXNativeTarget;
			buildConfigurationList = D8C717722D560CA100D2A5BF /* Build configuration list for PBXNativeTarget "Tink" */;
			buildPhases = (
				D8C7175F2D560C9F00D2A5BF /* Sources */,
				D8C717602D560C9F00D2A5BF /* Frameworks */,
				D8C717612D560C9F00D2A5BF /* Resources */,
			);
			buildRules = (
			);
			dependencies = (
			);
			fileSystemSynchronizedGroups = (
				D8C717652D560C9F00D2A5BF /* Tink */,
			);
			name = Tink;
			packageProductDependencies = (
				D8CDF9232D5A09C400173F00 /* GoogleSignIn */,
				D8CDF9252D5A09C400173F00 /* GoogleSignInSwift */,
				D8CDF9282D5A0A1300173F00 /* FirebaseAppCheck */,
				D8CDF92A2D5A0A1300173F00 /* FirebaseAuth */,
				D8CDF92C2D5A0A1300173F00 /* FirebaseAuthCombine-Community */,
				D8CDF92E2D5A0A1300173F00 /* FirebaseFirestore */,
				D8CDF9302D5A0A1300173F00 /* FirebaseFirestoreCombine-Community */,
				D8CDF9322D5A0A1300173F00 /* FirebasePerformance */,
				D8CDF9342D5A0A1300173F00 /* FirebaseStorage */,
				D84AE8FB2D5BA0870069672D /* Lottie */,
				D80BB4322D5E222900772C62 /* SDWebImageSwiftUI */,
				D8336A3F2D660851004E7A0F /* Cloudinary */,
				D8D1E50D2D6C86AF00B444DA /* StreamChatSwiftUI */,
			);
			productName = Tink;
			productReference = D8C717632D560C9F00D2A5BF /* Tink.app */;
			productType = "com.apple.product-type.application";
		};
/* End PBXNativeTarget section */

/* Begin PBXProject section */
		D8C7175B2D560C9F00D2A5BF /* Project object */ = {
			isa = PBXProject;
			attributes = {
				BuildIndependentTargetsInParallel = 1;
				LastSwiftUpdateCheck = 1620;
				LastUpgradeCheck = 1620;
				TargetAttributes = {
					D8C717622D560C9F00D2A5BF = {
						CreatedOnToolsVersion = 16.2;
					};
				};
			};
			buildConfigurationList = D8C7175E2D560C9F00D2A5BF /* Build configuration list for PBXProject "Tink" */;
			developmentRegion = es;
			hasScannedForEncodings = 0;
			knownRegions = (
				Base,
				es,
			);
			mainGroup = D8C7175A2D560C9F00D2A5BF;
			minimizedProjectReferenceProxies = 1;
			packageReferences = (
				D8CDF9222D5A09C400173F00 /* XCRemoteSwiftPackageReference "GoogleSignIn-iOS" */,
				D8CDF9272D5A0A1300173F00 /* XCRemoteSwiftPackageReference "firebase-ios-sdk" */,
				D84AE8FA2D5BA0870069672D /* XCRemoteSwiftPackageReference "lottie-ios" */,
				D80BB4312D5E222900772C62 /* XCRemoteSwiftPackageReference "SDWebImageSwiftUI" */,
				D8336A3E2D660851004E7A0F /* XCRemoteSwiftPackageReference "cloudinary_ios" */,
				D8D1E50C2D6C86AF00B444DA /* XCRemoteSwiftPackageReference "stream-chat-swiftui" */,
			);
			preferredProjectObjectVersion = 77;
			productRefGroup = D8C717642D560C9F00D2A5BF /* Products */;
			projectDirPath = "";
			projectRoot = "";
			targets = (
				D8C717622D560C9F00D2A5BF /* Tink */,
			);
		};
/* End PBXProject section */

/* Begin PBXResourcesBuildPhase section */
		D8C717612D560C9F00D2A5BF /* Resources */ = {
			isa = PBXResourcesBuildPhase;
			buildActionMask = 2147483647;
			files = (
			);
			runOnlyForDeploymentPostprocessing = 0;
		};
/* End PBXResourcesBuildPhase section */

/* Begin PBXSourcesBuildPhase section */
		D8C7175F2D560C9F00D2A5BF /* Sources */ = {
			isa = PBXSourcesBuildPhase;
			buildActionMask = 2147483647;
			files = (
			);
			runOnlyForDeploymentPostprocessing = 0;
		};
/* End PBXSourcesBuildPhase section */

/* Begin XCBuildConfiguration section */
		D8C717702D560CA100D2A5BF /* Debug */ = {
			isa = XCBuildConfiguration;
			buildSettings = {
				ALWAYS_SEARCH_USER_PATHS = NO;
				ASSETCATALOG_COMPILER_GENERATE_SWIFT_ASSET_SYMBOL_EXTENSIONS = YES;
				CLANG_ANALYZER_NONNULL = YES;
				CLANG_ANALYZER_NUMBER_OBJECT_CONVERSION = YES_AGGRESSIVE;
				CLANG_CXX_LANGUAGE_STANDARD = "gnu++20";
				CLANG_ENABLE_MODULES = YES;
				CLANG_ENABLE_OBJC_ARC = YES;
				CLANG_ENABLE_OBJC_WEAK = YES;
				CLANG_WARN_BLOCK_CAPTURE_AUTORELEASING = YES;
				CLANG_WARN_BOOL_CONVERSION = YES;
				CLANG_WARN_COMMA = YES;
				CLANG_WARN_CONSTANT_CONVERSION = YES;
				CLANG_WARN_DEPRECATED_OBJC_IMPLEMENTATIONS = YES;
				CLANG_WARN_DIRECT_OBJC_ISA_USAGE = YES_ERROR;
				CLANG_WARN_DOCUMENTATION_COMMENTS = YES;
				CLANG_WARN_EMPTY_BODY = YES;
				CLANG_WARN_ENUM_CONVERSION = YES;
				CLANG_WARN_INFINITE_RECURSION = YES;
				CLANG_WARN_INT_CONVERSION = YES;
				CLANG_WARN_NON_LITERAL_NULL_CONVERSION = YES;
				CLANG_WARN_OBJC_IMPLICIT_RETAIN_SELF = YES;
				CLANG_WARN_OBJC_LITERAL_CONVERSION = YES;
				CLANG_WARN_OBJC_ROOT_CLASS = YES_ERROR;
				CLANG_WARN_QUOTED_INCLUDE_IN_FRAMEWORK_HEADER = YES;
				CLANG_WARN_RANGE_LOOP_ANALYSIS = YES;
				CLANG_WARN_STRICT_PROTOTYPES = YES;
				CLANG_WARN_SUSPICIOUS_MOVE = YES;
				CLANG_WARN_UNGUARDED_AVAILABILITY = YES_AGGRESSIVE;
				CLANG_WARN_UNREACHABLE_CODE = YES;
				CLANG_WARN__DUPLICATE_METHOD_MATCH = YES;
				COPY_PHASE_STRIP = NO;
				DEBUG_INFORMATION_FORMAT = dwarf;
				ENABLE_STRICT_OBJC_MSGSEND = YES;
				ENABLE_TESTABILITY = YES;
				ENABLE_USER_SCRIPT_SANDBOXING = YES;
				GCC_C_LANGUAGE_STANDARD = gnu17;
				GCC_DYNAMIC_NO_PIC = NO;
				GCC_NO_COMMON_BLOCKS = YES;
				GCC_OPTIMIZATION_LEVEL = 0;
				GCC_PREPROCESSOR_DEFINITIONS = (
					"DEBUG=1",
					"$(inherited)",
				);
				GCC_WARN_64_TO_32_BIT_CONVERSION = YES;
				GCC_WARN_ABOUT_RETURN_TYPE = YES_ERROR;
				GCC_WARN_UNDECLARED_SELECTOR = YES;
				GCC_WARN_UNINITIALIZED_AUTOS = YES_AGGRESSIVE;
				GCC_WARN_UNUSED_FUNCTION = YES;
				GCC_WARN_UNUSED_VARIABLE = YES;
				LOCALIZATION_PREFERS_STRING_CATALOGS = YES;
				MTL_ENABLE_DEBUG_INFO = INCLUDE_SOURCE;
				MTL_FAST_MATH = YES;
				ONLY_ACTIVE_ARCH = YES;
				SWIFT_ACTIVE_COMPILATION_CONDITIONS = "DEBUG $(inherited)";
				SWIFT_OPTIMIZATION_LEVEL = "-Onone";
			};
			name = Debug;
		};
		D8C717712D560CA100D2A5BF /* Release */ = {
			isa = XCBuildConfiguration;
			buildSettings = {
				ALWAYS_SEARCH_USER_PATHS = NO;
				ASSETCATALOG_COMPILER_GENERATE_SWIFT_ASSET_SYMBOL_EXTENSIONS = YES;
				CLANG_ANALYZER_NONNULL = YES;
				CLANG_ANALYZER_NUMBER_OBJECT_CONVERSION = YES_AGGRESSIVE;
				CLANG_CXX_LANGUAGE_STANDARD = "gnu++20";
				CLANG_ENABLE_MODULES = YES;
				CLANG_ENABLE_OBJC_ARC = YES;
				CLANG_ENABLE_OBJC_WEAK = YES;
				CLANG_WARN_BLOCK_CAPTURE_AUTORELEASING = YES;
				CLANG_WARN_BOOL_CONVERSION = YES;
				CLANG_WARN_COMMA = YES;
				CLANG_WARN_CONSTANT_CONVERSION = YES;
				CLANG_WARN_DEPRECATED_OBJC_IMPLEMENTATIONS = YES;
				CLANG_WARN_DIRECT_OBJC_ISA_USAGE = YES_ERROR;
				CLANG_WARN_DOCUMENTATION_COMMENTS = YES;
				CLANG_WARN_EMPTY_BODY = YES;
				CLANG_WARN_ENUM_CONVERSION = YES;
				CLANG_WARN_INFINITE_RECURSION = YES;
				CLANG_WARN_INT_CONVERSION = YES;
				CLANG_WARN_NON_LITERAL_NULL_CONVERSION = YES;
				CLANG_WARN_OBJC_IMPLICIT_RETAIN_SELF = YES;
				CLANG_WARN_OBJC_LITERAL_CONVERSION = YES;
				CLANG_WARN_OBJC_ROOT_CLASS = YES_ERROR;
				CLANG_WARN_QUOTED_INCLUDE_IN_FRAMEWORK_HEADER = YES;
				CLANG_WARN_RANGE_LOOP_ANALYSIS = YES;
				CLANG_WARN_STRICT_PROTOTYPES = YES;
				CLANG_WARN_SUSPICIOUS_MOVE = YES;
				CLANG_WARN_UNGUARDED_AVAILABILITY = YES_AGGRESSIVE;
				CLANG_WARN_UNREACHABLE_CODE = YES;
				CLANG_WARN__DUPLICATE_METHOD_MATCH = YES;
				COPY_PHASE_STRIP = NO;
				DEBUG_INFORMATION_FORMAT = "dwarf-with-dsym";
				ENABLE_NS_ASSERTIONS = NO;
				ENABLE_STRICT_OBJC_MSGSEND = YES;
				ENABLE_USER_SCRIPT_SANDBOXING = YES;
				GCC_C_LANGUAGE_STANDARD = gnu17;
				GCC_NO_COMMON_BLOCKS = YES;
				GCC_WARN_64_TO_32_BIT_CONVERSION = YES;
				GCC_WARN_ABOUT_RETURN_TYPE = YES_ERROR;
				GCC_WARN_UNDECLARED_SELECTOR = YES;
				GCC_WARN_UNINITIALIZED_AUTOS = YES_AGGRESSIVE;
				GCC_WARN_UNUSED_FUNCTION = YES;
				GCC_WARN_UNUSED_VARIABLE = YES;
				LOCALIZATION_PREFERS_STRING_CATALOGS = YES;
				MTL_ENABLE_DEBUG_INFO = NO;
				MTL_FAST_MATH = YES;
				SWIFT_COMPILATION_MODE = wholemodule;
			};
			name = Release;
		};
		D8C717732D560CA100D2A5BF /* Debug */ = {
			isa = XCBuildConfiguration;
			baseConfigurationReferenceAnchor = D8C717652D560C9F00D2A5BF /* Tink */;
			baseConfigurationReferenceRelativePath = Configuration/XCConfiguration/tink_Dev.xcconfig;
			buildSettings = {
				ASSETCATALOG_COMPILER_APPICON_NAME = AppIcon;
				ASSETCATALOG_COMPILER_GLOBAL_ACCENT_COLOR_NAME = AccentColor;
				CODE_SIGN_ENTITLEMENTS = Tink/Tink.entitlements;
				CODE_SIGN_STYLE = Automatic;
				CURRENT_PROJECT_VERSION = "$(CONFIG_APP_BUNDLE_IDENTIFIER)";
				DEVELOPMENT_ASSET_PATHS = "\"Tink/Preview Content\"";
				DEVELOPMENT_TEAM = PDD535BCSR;
				ENABLE_HARDENED_RUNTIME = YES;
				ENABLE_PREVIEWS = YES;
				GENERATE_INFOPLIST_FILE = YES;
				INFOPLIST_FILE = Tink/Info.plist;
				"INFOPLIST_KEY_UIApplicationSceneManifest_Generation[sdk=iphoneos*]" = YES;
				"INFOPLIST_KEY_UIApplicationSceneManifest_Generation[sdk=iphonesimulator*]" = YES;
				"INFOPLIST_KEY_UIApplicationSupportsIndirectInputEvents[sdk=iphoneos*]" = YES;
				"INFOPLIST_KEY_UIApplicationSupportsIndirectInputEvents[sdk=iphonesimulator*]" = YES;
				"INFOPLIST_KEY_UILaunchScreen_Generation[sdk=iphoneos*]" = YES;
				"INFOPLIST_KEY_UILaunchScreen_Generation[sdk=iphonesimulator*]" = YES;
				"INFOPLIST_KEY_UIStatusBarStyle[sdk=iphoneos*]" = UIStatusBarStyleDefault;
				"INFOPLIST_KEY_UIStatusBarStyle[sdk=iphonesimulator*]" = UIStatusBarStyleDefault;
				INFOPLIST_KEY_UISupportedInterfaceOrientations = UIInterfaceOrientationPortrait;
				INFOPLIST_KEY_UISupportedInterfaceOrientations_iPad = "UIInterfaceOrientationLandscapeLeft UIInterfaceOrientationLandscapeRight UIInterfaceOrientationPortrait UIInterfaceOrientationPortraitUpsideDown";
				INFOPLIST_KEY_UIUserInterfaceStyle = Light;
				IPHONEOS_DEPLOYMENT_TARGET = 17.6;
				LD_RUNPATH_SEARCH_PATHS = "@executable_path/Frameworks";
				"LD_RUNPATH_SEARCH_PATHS[sdk=macosx*]" = "@executable_path/../Frameworks";
				MACOSX_DEPLOYMENT_TARGET = 15.2;
				MARKETING_VERSION = "$(CONFIG_APP_VERSION)";
				PRODUCT_BUNDLE_IDENTIFIER = "$(CONFIG_APP_BUNDLE_IDENTIFIER)";
				PRODUCT_NAME = "$(TARGET_NAME)";
				SDKROOT = auto;
				SUPPORTED_PLATFORMS = "iphoneos iphonesimulator";
				SUPPORTS_MACCATALYST = NO;
				SWIFT_EMIT_LOC_STRINGS = YES;
				SWIFT_VERSION = 5.0;
				TARGETED_DEVICE_FAMILY = 1;
				XROS_DEPLOYMENT_TARGET = 2.2;
			};
			name = Debug;
		};
		D8C717742D560CA100D2A5BF /* Release */ = {
			isa = XCBuildConfiguration;
			baseConfigurationReferenceAnchor = D8C717652D560C9F00D2A5BF /* Tink */;
			baseConfigurationReferenceRelativePath = Configuration/XCConfiguration/tink_Pro.xcconfig;
			buildSettings = {
				ASSETCATALOG_COMPILER_APPICON_NAME = AppIcon;
				ASSETCATALOG_COMPILER_GLOBAL_ACCENT_COLOR_NAME = AccentColor;
				CODE_SIGN_ENTITLEMENTS = Tink/Tink.entitlements;
				CODE_SIGN_STYLE = Automatic;
				CURRENT_PROJECT_VERSION = "$(CONFIG_APP_BUNDLE_IDENTIFIER)";
				DEVELOPMENT_ASSET_PATHS = "\"Tink/Preview Content\"";
				DEVELOPMENT_TEAM = PDD535BCSR;
				ENABLE_HARDENED_RUNTIME = YES;
				ENABLE_PREVIEWS = YES;
				GENERATE_INFOPLIST_FILE = YES;
				INFOPLIST_FILE = Tink/Info.plist;
				"INFOPLIST_KEY_UIApplicationSceneManifest_Generation[sdk=iphoneos*]" = YES;
				"INFOPLIST_KEY_UIApplicationSceneManifest_Generation[sdk=iphonesimulator*]" = YES;
				"INFOPLIST_KEY_UIApplicationSupportsIndirectInputEvents[sdk=iphoneos*]" = YES;
				"INFOPLIST_KEY_UIApplicationSupportsIndirectInputEvents[sdk=iphonesimulator*]" = YES;
				"INFOPLIST_KEY_UILaunchScreen_Generation[sdk=iphoneos*]" = YES;
				"INFOPLIST_KEY_UILaunchScreen_Generation[sdk=iphonesimulator*]" = YES;
				"INFOPLIST_KEY_UIStatusBarStyle[sdk=iphoneos*]" = UIStatusBarStyleDefault;
				"INFOPLIST_KEY_UIStatusBarStyle[sdk=iphonesimulator*]" = UIStatusBarStyleDefault;
				INFOPLIST_KEY_UISupportedInterfaceOrientations = UIInterfaceOrientationPortrait;
				INFOPLIST_KEY_UISupportedInterfaceOrientations_iPad = "UIInterfaceOrientationLandscapeLeft UIInterfaceOrientationLandscapeRight UIInterfaceOrientationPortrait UIInterfaceOrientationPortraitUpsideDown";
				INFOPLIST_KEY_UIUserInterfaceStyle = Light;
				IPHONEOS_DEPLOYMENT_TARGET = 17.6;
				LD_RUNPATH_SEARCH_PATHS = "@executable_path/Frameworks";
				"LD_RUNPATH_SEARCH_PATHS[sdk=macosx*]" = "@executable_path/../Frameworks";
				MACOSX_DEPLOYMENT_TARGET = 15.2;
				MARKETING_VERSION = "$(CONFIG_APP_VERSION)";
				PRODUCT_BUNDLE_IDENTIFIER = "$(CONFIG_APP_BUNDLE_IDENTIFIER)";
				PRODUCT_NAME = "$(TARGET_NAME)";
				SDKROOT = auto;
				SUPPORTED_PLATFORMS = "iphoneos iphonesimulator";
				SUPPORTS_MACCATALYST = NO;
				SWIFT_EMIT_LOC_STRINGS = YES;
				SWIFT_VERSION = 5.0;
				TARGETED_DEVICE_FAMILY = 1;
				XROS_DEPLOYMENT_TARGET = 2.2;
			};
			name = Release;
		};
/* End XCBuildConfiguration section */

/* Begin XCConfigurationList section */
		D8C7175E2D560C9F00D2A5BF /* Build configuration list for PBXProject "Tink" */ = {
			isa = XCConfigurationList;
			buildConfigurations = (
				D8C717702D560CA100D2A5BF /* Debug */,
				D8C717712D560CA100D2A5BF /* Release */,
			);
			defaultConfigurationIsVisible = 0;
			defaultConfigurationName = Release;
		};
		D8C717722D560CA100D2A5BF /* Build configuration list for PBXNativeTarget "Tink" */ = {
			isa = XCConfigurationList;
			buildConfigurations = (
				D8C717732D560CA100D2A5BF /* Debug */,
				D8C717742D560CA100D2A5BF /* Release */,
			);
			defaultConfigurationIsVisible = 0;
			defaultConfigurationName = Release;
		};
/* End XCConfigurationList section */

/* Begin XCRemoteSwiftPackageReference section */
		D80BB4312D5E222900772C62 /* XCRemoteSwiftPackageReference "SDWebImageSwiftUI" */ = {
			isa = XCRemoteSwiftPackageReference;
			repositoryURL = "https://github.com/SDWebImage/SDWebImageSwiftUI";
			requirement = {
				kind = upToNextMajorVersion;
				minimumVersion = 3.1.3;
			};
		};
		D8336A3E2D660851004E7A0F /* XCRemoteSwiftPackageReference "cloudinary_ios" */ = {
			isa = XCRemoteSwiftPackageReference;
			repositoryURL = "https://github.com/cloudinary/cloudinary_ios";
			requirement = {
				kind = upToNextMajorVersion;
				minimumVersion = 5.1.0;
			};
		};
		D84AE8FA2D5BA0870069672D /* XCRemoteSwiftPackageReference "lottie-ios" */ = {
			isa = XCRemoteSwiftPackageReference;
			repositoryURL = "https://github.com/airbnb/lottie-ios.git";
			requirement = {
				kind = upToNextMajorVersion;
				minimumVersion = 4.5.1;
			};
		};
		D8CDF9222D5A09C400173F00 /* XCRemoteSwiftPackageReference "GoogleSignIn-iOS" */ = {
			isa = XCRemoteSwiftPackageReference;
			repositoryURL = "https://github.com/google/GoogleSignIn-iOS";
			requirement = {
				kind = upToNextMajorVersion;
				minimumVersion = 8.0.0;
			};
		};
		D8CDF9272D5A0A1300173F00 /* XCRemoteSwiftPackageReference "firebase-ios-sdk" */ = {
			isa = XCRemoteSwiftPackageReference;
			repositoryURL = "https://github.com/firebase/firebase-ios-sdk";
			requirement = {
				kind = upToNextMajorVersion;
				minimumVersion = 11.8.1;
			};
		};
		D8D1E50C2D6C86AF00B444DA /* XCRemoteSwiftPackageReference "stream-chat-swiftui" */ = {
			isa = XCRemoteSwiftPackageReference;
			repositoryURL = "https://github.com/GetStream/stream-chat-swiftui.git";
			requirement = {
				kind = upToNextMajorVersion;
				minimumVersion = 4.72.0;
			};
		};
/* End XCRemoteSwiftPackageReference section */

/* Begin XCSwiftPackageProductDependency section */
		D80BB4322D5E222900772C62 /* SDWebImageSwiftUI */ = {
			isa = XCSwiftPackageProductDependency;
			package = D80BB4312D5E222900772C62 /* XCRemoteSwiftPackageReference "SDWebImageSwiftUI" */;
			productName = SDWebImageSwiftUI;
		};
		D8336A3F2D660851004E7A0F /* Cloudinary */ = {
			isa = XCSwiftPackageProductDependency;
			package = D8336A3E2D660851004E7A0F /* XCRemoteSwiftPackageReference "cloudinary_ios" */;
			productName = Cloudinary;
		};
		D84AE8FB2D5BA0870069672D /* Lottie */ = {
			isa = XCSwiftPackageProductDependency;
			package = D84AE8FA2D5BA0870069672D /* XCRemoteSwiftPackageReference "lottie-ios" */;
			productName = Lottie;
		};
		D8CDF9232D5A09C400173F00 /* GoogleSignIn */ = {
			isa = XCSwiftPackageProductDependency;
			package = D8CDF9222D5A09C400173F00 /* XCRemoteSwiftPackageReference "GoogleSignIn-iOS" */;
			productName = GoogleSignIn;
		};
		D8CDF9252D5A09C400173F00 /* GoogleSignInSwift */ = {
			isa = XCSwiftPackageProductDependency;
			package = D8CDF9222D5A09C400173F00 /* XCRemoteSwiftPackageReference "GoogleSignIn-iOS" */;
			productName = GoogleSignInSwift;
		};
		D8CDF9282D5A0A1300173F00 /* FirebaseAppCheck */ = {
			isa = XCSwiftPackageProductDependency;
			package = D8CDF9272D5A0A1300173F00 /* XCRemoteSwiftPackageReference "firebase-ios-sdk" */;
			productName = FirebaseAppCheck;
		};
		D8CDF92A2D5A0A1300173F00 /* FirebaseAuth */ = {
			isa = XCSwiftPackageProductDependency;
			package = D8CDF9272D5A0A1300173F00 /* XCRemoteSwiftPackageReference "firebase-ios-sdk" */;
			productName = FirebaseAuth;
		};
		D8CDF92C2D5A0A1300173F00 /* FirebaseAuthCombine-Community */ = {
			isa = XCSwiftPackageProductDependency;
			package = D8CDF9272D5A0A1300173F00 /* XCRemoteSwiftPackageReference "firebase-ios-sdk" */;
			productName = "FirebaseAuthCombine-Community";
		};
		D8CDF92E2D5A0A1300173F00 /* FirebaseFirestore */ = {
			isa = XCSwiftPackageProductDependency;
			package = D8CDF9272D5A0A1300173F00 /* XCRemoteSwiftPackageReference "firebase-ios-sdk" */;
			productName = FirebaseFirestore;
		};
		D8CDF9302D5A0A1300173F00 /* FirebaseFirestoreCombine-Community */ = {
			isa = XCSwiftPackageProductDependency;
			package = D8CDF9272D5A0A1300173F00 /* XCRemoteSwiftPackageReference "firebase-ios-sdk" */;
			productName = "FirebaseFirestoreCombine-Community";
		};
		D8CDF9322D5A0A1300173F00 /* FirebasePerformance */ = {
			isa = XCSwiftPackageProductDependency;
			package = D8CDF9272D5A0A1300173F00 /* XCRemoteSwiftPackageReference "firebase-ios-sdk" */;
			productName = FirebasePerformance;
		};
		D8CDF9342D5A0A1300173F00 /* FirebaseStorage */ = {
			isa = XCSwiftPackageProductDependency;
			package = D8CDF9272D5A0A1300173F00 /* XCRemoteSwiftPackageReference "firebase-ios-sdk" */;
			productName = FirebaseStorage;
		};
		D8D1E50D2D6C86AF00B444DA /* StreamChatSwiftUI */ = {
			isa = XCSwiftPackageProductDependency;
			package = D8D1E50C2D6C86AF00B444DA /* XCRemoteSwiftPackageReference "stream-chat-swiftui" */;
			productName = StreamChatSwiftUI;
		};
/* End XCSwiftPackageProductDependency section */
	};
	rootObject = D8C7175B2D560C9F00D2A5BF /* Project object */;
}
